#MicroXplorer Configuration settings - do not modify
Mcu.Family=STM32F4
NVIC.USART3_IRQn=true\:0\:0\:false\:false\:true\:true\:true
ProjectManager.MainLocation=Core/Src
USB_DEVICE.CLASS_NAME_FS=CDC
USART2.IPParameters=VirtualMode
RCC.CortexFreq_Value=72000000
ProjectManager.KeepUserCode=true
Mcu.UserName=STM32F412ZGTx
PB10.Mode=Asynchronous
RCC.PLLCLKFreq_Value=72000000
RCC.PLLQCLKFreq_Value=48000000
PE1.PinState=GPIO_PIN_RESET
ProjectManager.functionlistsort=1-MX_GPIO_Init-GPIO-false-HAL-true,2-SystemClock_Config-RCC-false-HAL-false,3-MX_USB_DEVICE_Init-USB_DEVICE-false-HAL-false,4-MX_I2C1_Init-I2C1-false-HAL-true,5-MX_I2C2_Init-I2C2-false-HAL-true,6-MX_I2C3_Init-I2C3-false-HAL-true,7-MX_USART1_UART_Init-USART1-false-HAL-true,8-MX_USART2_UART_Init-USART2-false-HAL-true,9-MX_USART3_UART_Init-USART3-false-HAL-true,10-MX_USART6_UART_Init-USART6-false-HAL-true
PA11.Mode=Device_Only
RCC.RTCFreq_Value=32000
RCC.PLLI2SRCLKFreq_Value=50000000
PC5.Mode=Asynchronous
USART1.IPParameters=VirtualMode
PinOutPanel.RotationAngle=0
RCC.SYSCLKSource=RCC_SYSCLKSOURCE_PLLCLK
ProjectManager.StackSize=0x400
PE1.GPIO_ModeDefaultOutputPP=GPIO_MODE_OUTPUT_PP
Mcu.IP4=RCC
RCC.FCLKCortexFreq_Value=72000000
Mcu.IP5=SYS
Mcu.IP2=I2C3
NVIC.SVCall_IRQn=true\:0\:0\:false\:false\:true\:true\:false
Mcu.IP3=NVIC
Mcu.IP0=I2C1
Mcu.IP1=I2C2
PA12.Signal=USB_OTG_FS_DP
Mcu.UserConstants=
PH0\ -\ OSC_IN.Signal=RCC_OSC_IN
Mcu.ThirdPartyNb=0
RCC.SDIOFreq_Value=48000000
RCC.HCLKFreq_Value=72000000
Mcu.IPNb=12
RCC.I2SClocksFreq_Value=150000000
ProjectManager.PreviousToolchain=
RCC.APB2TimFreq_Value=72000000
PB6.Signal=I2C1_SCL
RCC.VcooutputI2S=150000000
PC7.Signal=USART6_RX
RCC.PLLRoutputFreq_Value=72000000
PB6.Mode=I2C
Mcu.Pin6=PH0 - OSC_IN
Mcu.Pin7=PH1 - OSC_OUT
Mcu.Pin8=PA2
Mcu.Pin9=PA3
PE1.Signal=GPIO_Output
RCC.AHBFreq_Value=72000000
Mcu.Pin0=PE2
Mcu.Pin1=PE3
GPIO.groupedBy=Group By Peripherals
Mcu.Pin2=PC14-OSC32_IN
Mcu.Pin3=PC15-OSC32_OUT
Mcu.Pin4=PF0
Mcu.Pin5=PF1
ProjectManager.ProjectBuild=false
RCC.HSE_VALUE=8000000
NVIC.UsageFault_IRQn=true\:0\:0\:false\:false\:true\:true\:false
NVIC.DebugMonitor_IRQn=true\:0\:0\:false\:false\:true\:true\:false
PE2.GPIO_ModeDefaultOutputPP=GPIO_MODE_OUTPUT_PP
Mcu.IP10=USB_DEVICE
PA15.Mode=Asynchronous
NVIC.SysTick_IRQn=true\:0\:0\:false\:false\:true\:true\:true
Mcu.IP11=USB_OTG_FS
ProjectManager.FirmwarePackage=STM32Cube FW_F4 V1.26.2
MxDb.Version=DB.6.0.21
PE0.GPIOParameters=GPIO_Label,GPIO_ModeDefaultOutputPP
ProjectManager.BackupPrevious=false
PC14-OSC32_IN.Mode=LSE-External-Oscillator
RCC.VCOInputFreq_Value=2000000
PA14.Mode=Serial_Wire
File.Version=6
PC9.Mode=I2C
PE3.GPIOParameters=GPIO_Label,GPIO_ModeDefaultOutputPP
PE2.Signal=GPIO_Output
PE3.Locked=true
PB7.Signal=I2C1_SDA
PA8.Signal=I2C3_SCL
RCC.PLLRCLKFreq_Value=72000000
PE1.Locked=true
NVIC.PendSV_IRQn=true\:0\:0\:false\:false\:true\:true\:false
RCC.PLLI2SoutputFreq_Value=50000000
ProjectManager.HalAssertFull=false
ProjectManager.ProjectName=f412_vcp
RCC.MCO2PinFreq_Value=72000000
Mcu.Package=LQFP144
RCC.I2S2Freq_Value=50000000
USART2.VirtualMode=VM_ASYNC
USART6.VirtualMode=VM_ASYNC
RCC.EnbaleCSS=true
NVIC.OTG_FS_IRQn=true\:0\:0\:false\:false\:true\:true\:true
ProjectManager.ToolChainLocation=
RCC.LSI_VALUE=32000
VP_SYS_VS_Systick.Signal=SYS_VS_Systick
USART3.IPParameters=VirtualMode
PA10.Signal=USART1_RX
USB_OTG_FS.VirtualMode=Device_Only
PA15.Signal=USART1_TX
VP_USB_DEVICE_VS_USB_DEVICE_CDC_FS.Signal=USB_DEVICE_VS_USB_DEVICE_CDC_FS
RCC.DFSDMFreq_Value=72000000
PE0.GPIO_Label=LED1
RCC.APB1TimFreq_Value=72000000
NVIC.BusFault_IRQn=true\:0\:0\:false\:false\:true\:true\:false
PC5.Signal=USART3_RX
PF0.Signal=I2C2_SDA
USB_OTG_FS.IPParameters=VirtualMode
RCC.PLLI2SQoutputFreq_Value=50000000
RCC.DFSDMAudioFreq_Value=50000000
NVIC.USART1_IRQn=true\:0\:0\:false\:false\:true\:true\:true
PE2.GPIO_Label=LED3
ProjectManager.CustomerFirmwarePackage=
PA3.Signal=USART2_RX
RCC.PLLSourceVirtual=RCC_PLLSOURCE_HSE
PC15-OSC32_OUT.Mode=LSE-External-Oscillator
RCC.PLLQoutputFreq_Value=48000000
ProjectManager.ProjectFileName=f412_vcp.ioc
PE0.GPIO_ModeDefaultOutputPP=GPIO_MODE_OUTPUT_PP
PA10.Mode=Asynchronous
Mcu.PinsNb=29
ProjectManager.NoMain=false
USB_DEVICE.VirtualModeFS=Cdc_FS
USART6.IPParameters=VirtualMode
RCC.FMPI2C1Freq_Value=36000000
RCC.VCOI2SInputFreq_Value=2000000
PH1\ -\ OSC_OUT.Mode=HSE-External-Oscillator
PC6.Signal=USART6_TX
ProjectManager.DefaultFWLocation=true
ProjectManager.DeletePrevious=true
RCC.APB1CLKDivider=RCC_HCLK_DIV2
PC14-OSC32_IN.Signal=RCC_OSC32_IN
boardIOC=true
USB_DEVICE.IPParameters=VirtualMode,VirtualModeFS,CLASS_NAME_FS
NVIC.USART2_IRQn=true\:0\:0\:false\:false\:true\:true\:true
RCC.FamilyName=M
NVIC.USART6_IRQn=true\:0\:0\:false\:false\:true\:true\:true
PA13.Signal=SYS_JTMS-SWDIO
PA3.Mode=Asynchronous
PF1.Mode=I2C
PA9.Mode=Activate_VBUS
PH0\ -\ OSC_IN.Mode=HSE-External-Oscillator
ProjectManager.TargetToolchain=STM32CubeIDE
PC6.Mode=Asynchronous
VP_USB_DEVICE_VS_USB_DEVICE_CDC_FS.Mode=CDC_FS
PA9.Signal=USB_OTG_FS_VBUS
RCC.I2S1Freq_Value=50000000
RCC.VCOInputMFreq_Value=1562500
PE2.GPIOParameters=GPIO_Label,GPIO_ModeDefaultOutputPP
ProjectManager.RegisterCallBack=
PE0.Locked=true
RCC.USBFreq_Value=48000000
PC15-OSC32_OUT.Signal=RCC_OSC32_OUT
PB10.Signal=USART3_TX
RCC.VCOI2SOutputFreq_Value=100000000
PH1\ -\ OSC_OUT.Signal=RCC_OSC_OUT
board=STM32F412G-DISCO
RCC.VCOOutputFreq_Value=144000000
PE1.GPIO_Label=LED2
ProjectManager.LastFirmware=true
RCC.APB2Freq_Value=72000000
MxCube.Version=6.2.1
RCC.PLLI2SPCLKFreq_Value=50000000
RCC.RNGFreq_Value=48000000
VP_SYS_VS_Systick.Mode=SysTick
NVIC.NonMaskableInt_IRQn=true\:0\:0\:false\:false\:true\:true\:true
PF1.Signal=I2C2_SCL
PA13.Mode=Serial_Wire
ProjectManager.FreePins=false
RCC.IPParameters=48MHZClocksFreq_Value,AHBFreq_Value,APB1CLKDivider,APB1Freq_Value,APB1TimFreq_Value,APB2Freq_Value,APB2TimFreq_Value,CortexFreq_Value,DFSDMAudioFreq_Value,DFSDMFreq_Value,EnbaleCSS,FCLKCortexFreq_Value,FMPI2C1Freq_Value,FamilyName,HCLKFreq_Value,HSE_VALUE,HSI_VALUE,I2S1Freq_Value,I2S2Freq_Value,I2SClocksFreq_Value,LSI_VALUE,MCO2PinFreq_Value,PLLCLKFreq_Value,PLLI2SM,PLLI2SN,PLLI2SPCLKFreq_Value,PLLI2SQCLKFreq_Value,PLLI2SQoutputFreq_Value,PLLI2SRCLKFreq_Value,PLLI2SoutputFreq_Value,PLLM,PLLN,PLLQ,PLLQCLKFreq_Value,PLLQoutputFreq_Value,PLLRCLKFreq_Value,PLLRoutputFreq_Value,PLLSourceVirtual,PWRFreq_Value,RNGFreq_Value,RTCFreq_Value,RTCHSEDivFreq_Value,SDIOFreq_Value,SYSCLKFreq_VALUE,SYSCLKSource,USBFreq_Value,VCOI2SInputFreq_Value,VCOI2SOutputFreq_Value,VCOInputFreq_Value,VCOInputMFreq_Value,VCOOutputFreq_Value,VcooutputI2S
ProjectManager.AskForMigrate=true
Mcu.Name=STM32F412Z(E-G)Tx
PE0.Signal=GPIO_Output
RCC.PLLI2SQCLKFreq_Value=50000000
Mcu.Pin26=PE1
Mcu.Pin27=VP_SYS_VS_Systick
RCC.RTCHSEDivFreq_Value=12500000
PA2.Signal=USART2_TX
Mcu.Pin24=PB7
ProjectManager.UnderRoot=true
Mcu.Pin25=PE0
Mcu.IP8=USART3
Mcu.IP9=USART6
Mcu.Pin28=VP_USB_DEVICE_VS_USB_DEVICE_CDC_FS
Mcu.IP6=USART1
Mcu.IP7=USART2
ProjectManager.CoupleFile=false
RCC.48MHZClocksFreq_Value=48000000
RCC.SYSCLKFreq_VALUE=72000000
Mcu.Pin22=PA15
Mcu.Pin23=PB6
Mcu.Pin20=PA13
Mcu.Pin21=PA14
PA12.Mode=Device_Only
NVIC.ForceEnableDMAVector=true
KeepUserPlacement=false
USART3.VirtualMode=VM_ASYNC
PE3.GPIO_ModeDefaultOutputPP=GPIO_MODE_OUTPUT_PP
NVIC.MemoryManagement_IRQn=true\:0\:0\:false\:false\:true\:true\:false
USART1.VirtualMode=VM_ASYNC
ProjectManager.CompilerOptimize=6
PB7.Mode=I2C
PA11.Signal=USB_OTG_FS_DM
PA14.Signal=SYS_JTCK-SWCLK
ProjectManager.HeapSize=0x200
PF0.Mode=I2C
Mcu.Pin15=PA8
NVIC.HardFault_IRQn=true\:0\:0\:false\:false\:true\:true\:false
Mcu.Pin16=PA9
Mcu.Pin13=PC7
Mcu.Pin14=PC9
Mcu.Pin19=PA12
ProjectManager.ComputerToolchain=false
Mcu.Pin17=PA10
RCC.HSI_VALUE=16000000
Mcu.Pin18=PA11
RCC.PLLQ=3
NVIC.PriorityGroup=NVIC_PRIORITYGROUP_4
Mcu.Pin11=PB10
Mcu.Pin12=PC6
RCC.PLLM=4
RCC.PLLN=72
Mcu.Pin10=PC5
PA2.Mode=Asynchronous
PE3.Signal=GPIO_Output
PE2.Locked=true
PE3.GPIO_Label=LED4
RCC.PWRFreq_Value=72000000
PA8.Mode=I2C
PC9.Signal=I2C3_SDA
PC7.Mode=Asynchronous
RCC.APB1Freq_Value=36000000
USB_DEVICE.VirtualMode=Cdc
RCC.PLLI2SN=50
ProjectManager.DeviceId=STM32F412ZGTx
ProjectManager.LibraryCopy=1
PE1.GPIOParameters=PinState,GPIO_Label,GPIO_ModeDefaultOutputPP
RCC.PLLI2SM=4
isbadioc=false
